
Microsoft Visual Studio Solution File, Format Version 12.00
#
Project("{FAE04EC0-301F-11D3-BF4B-00C04F79EFBC}") = "RGMS", "RGMS.csproj", "{55F6558A-2925-45D6-A08F-9A10FF53CB9B}"
EndProject
Project("{FAE04EC0-301F-11D3-BF4B-00C04F79EFBC}") = "RGMS.Lib", "RGMS.Lib\RGMS.Lib.csproj", "{B066ED29-22F2-4B57-9154-775E6E9C9A7B}"
EndProject
Global
	GlobalSection(SolutionConfigurationPlatforms) = preSolution
		Debug|Any CPU = Debug|Any CPU
		Release|Any CPU = Release|Any CPU
	EndGlobalSection
	GlobalSection(ProjectConfigurationPlatforms) = postSolution
		{55F6558A-2925-45D6-A08F-9A10FF53CB9B}.Debug|Any CPU.ActiveCfg = Debug|Any CPU
		{55F6558A-2925-45D6-A08F-9A10FF53CB9B}.Debug|Any CPU.Build.0 = Debug|Any CPU
		{55F6558A-2925-45D6-A08F-9A10FF53CB9B}.Release|Any CPU.ActiveCfg = Release|Any CPU
		{55F6558A-2925-45D6-A08F-9A10FF53CB9B}.Release|Any CPU.Build.0 = Release|Any CPU
		{B066ED29-22F2-4B57-9154-775E6E9C9A7B}.Debug|Any CPU.ActiveCfg = Debug|Any CPU
		{B066ED29-22F2-4B57-9154-775E6E9C9A7B}.Debug|Any CPU.Build.0 = Debug|Any CPU
		{B066ED29-22F2-4B57-9154-775E6E9C9A7B}.Release|Any CPU.ActiveCfg = Release|Any CPU
		{B066ED29-22F2-4B57-9154-775E6E9C9A7B}.Release|Any CPU.Build.0 = Release|Any CPU
	EndGlobalSection
EndGlobal
