
Microsoft Visual Studio Solution File, Format Version 12.00
Project("{FAE04EC0-301F-11D3-BF4B-00C04F79EFBC}") = "RGMS", "RGMS.csproj", "{074942E8-6DCE-400D-A862-05F5A8B1C199}"
EndProject
Global
	GlobalSection(SolutionConfigurationPlatforms) = preSolution
		Debug|Any CPU = Debug|Any CPU
		Release|Any CPU = Release|Any CPU
	EndGlobalSection
	GlobalSection(ProjectConfigurationPlatforms) = postSolution
		{074942E8-6DCE-400D-A862-05F5A8B1C199}.Debug|Any CPU.ActiveCfg = Debug|Any CPU
		{074942E8-6DCE-400D-A862-05F5A8B1C199}.Debug|Any CPU.Build.0 = Debug|Any CPU
		{074942E8-6DCE-400D-A862-05F5A8B1C199}.Release|Any CPU.ActiveCfg = Release|Any CPU
		{074942E8-6DCE-400D-A862-05F5A8B1C199}.Release|Any CPU.Build.0 = Release|Any CPU
	EndGlobalSection
EndGlobal
